// !$*UTF8*$!
{
	archiveVersion = 1;
	classes = {
	};
	objectVersion = 48;
	objects = {

/* Begin PBXBuildFile section */
		EB58441B206EB907007035E0 /* AppDelegate.swift in Sources */ = {isa = PBXBuildFile; fileRef = EB58441A206EB907007035E0 /* AppDelegate.swift */; };
		EB58441D206EB907007035E0 /* ViewController.swift in Sources */ = {isa = PBXBuildFile; fileRef = EB58441C206EB907007035E0 /* ViewController.swift */; };
		EB584420206EB907007035E0 /* Main.storyboard in Resources */ = {isa = PBXBuildFile; fileRef = EB58441E206EB907007035E0 /* Main.storyboard */; };
		EB584422206EB907007035E0 /* Assets.xcassets in Resources */ = {isa = PBXBuildFile; fileRef = EB584421206EB907007035E0 /* Assets.xcassets */; };
		EB584425206EB907007035E0 /* LaunchScreen.storyboard in Resources */ = {isa = PBXBuildFile; fileRef = EB584423206EB907007035E0 /* LaunchScreen.storyboard */; };
		EBE9D5F820BB174E0064C1BB /* ItemViewController.swift in Sources */ = {isa = PBXBuildFile; fileRef = EBE9D5F720BB174E0064C1BB /* ItemViewController.swift */; };
		EBE9D5FB20BB17790064C1BB /* CategoryViewController.swift in Sources */ = {isa = PBXBuildFile; fileRef = EBE9D5FA20BB17790064C1BB /* CategoryViewController.swift */; };
		EBE9D5FD20BB17B60064C1BB /* SearchViewController.swift in Sources */ = {isa = PBXBuildFile; fileRef = EBE9D5FC20BB17B60064C1BB /* SearchViewController.swift */; };
		EBE9D5FF20BB17C10064C1BB /* SearchItemsViewController.swift in Sources */ = {isa = PBXBuildFile; fileRef = EBE9D5FE20BB17C10064C1BB /* SearchItemsViewController.swift */; };
		EBE9D60220BB17EE0064C1BB /* TableViewController.swift in Sources */ = {isa = PBXBuildFile; fileRef = EBE9D60120BB17EE0064C1BB /* TableViewController.swift */; };
		EBE9D60520BB18880064C1BB /* HookahModel.swift in Sources */ = {isa = PBXBuildFile; fileRef = EBE9D60420BB18880064C1BB /* HookahModel.swift */; };
		EBE9D60720BB1A9B0064C1BB /* ProductModel.swift in Sources */ = {isa = PBXBuildFile; fileRef = EBE9D60620BB1A9B0064C1BB /* ProductModel.swift */; };
		EBE9D60920BB1D530064C1BB /* DataModel.swift in Sources */ = {isa = PBXBuildFile; fileRef = EBE9D60820BB1D530064C1BB /* DataModel.swift */; };
		EBE9D60D20BB1E690064C1BB /* SubcategoryModel.swift in Sources */ = {isa = PBXBuildFile; fileRef = EBE9D60C20BB1E690064C1BB /* SubcategoryModel.swift */; };
		EBE9D60F20BB2A760064C1BB /* DrinkViewController.swift in Sources */ = {isa = PBXBuildFile; fileRef = EBE9D60E20BB2A760064C1BB /* DrinkViewController.swift */; };
		EBE9D61320BB34A60064C1BB /* CategoryCollectionViewCell.swift in Sources */ = {isa = PBXBuildFile; fileRef = EBE9D61220BB34A60064C1BB /* CategoryCollectionViewCell.swift */; };
		EBE9D61520BB35D50064C1BB /* ItemCollectionViewCell.swift in Sources */ = {isa = PBXBuildFile; fileRef = EBE9D61420BB35D50064C1BB /* ItemCollectionViewCell.swift */; };
		EBE9D61720BB36410064C1BB /* ItemsViewController.swift in Sources */ = {isa = PBXBuildFile; fileRef = EBE9D61620BB36410064C1BB /* ItemsViewController.swift */; };
		EBE9D61B20BB462D0064C1BB /* SnackViewController.swift in Sources */ = {isa = PBXBuildFile; fileRef = EBE9D61A20BB462D0064C1BB /* SnackViewController.swift */; };
/* End PBXBuildFile section */

/* Begin PBXFileReference section */
		EB584417206EB907007035E0 /* JugOrder.app */ = {isa = PBXFileReference; explicitFileType = wrapper.application; includeInIndex = 0; path = JugOrder.app; sourceTree = BUILT_PRODUCTS_DIR; };
		EB58441A206EB907007035E0 /* AppDelegate.swift */ = {isa = PBXFileReference; lastKnownFileType = sourcecode.swift; path = AppDelegate.swift; sourceTree = "<group>"; };
		EB58441C206EB907007035E0 /* ViewController.swift */ = {isa = PBXFileReference; lastKnownFileType = sourcecode.swift; path = ViewController.swift; sourceTree = "<group>"; };
		EB58441F206EB907007035E0 /* Base */ = {isa = PBXFileReference; lastKnownFileType = file.storyboard; name = Base; path = Base.lproj/Main.storyboard; sourceTree = "<group>"; };
		EB584421206EB907007035E0 /* Assets.xcassets */ = {isa = PBXFileReference; lastKnownFileType = folder.assetcatalog; path = Assets.xcassets; sourceTree = "<group>"; };
		EB584424206EB907007035E0 /* Base */ = {isa = PBXFileReference; lastKnownFileType = file.storyboard; name = Base; path = Base.lproj/LaunchScreen.storyboard; sourceTree = "<group>"; };
		EB584426206EB907007035E0 /* Info.plist */ = {isa = PBXFileReference; lastKnownFileType = text.plist.xml; path = Info.plist; sourceTree = "<group>"; };
		EBE9D5F720BB174E0064C1BB /* ItemViewController.swift */ = {isa = PBXFileReference; lastKnownFileType = sourcecode.swift; path = ItemViewController.swift; sourceTree = "<group>"; };
		EBE9D5FA20BB17790064C1BB /* CategoryViewController.swift */ = {isa = PBXFileReference; lastKnownFileType = sourcecode.swift; path = CategoryViewController.swift; sourceTree = "<group>"; };
		EBE9D5FC20BB17B60064C1BB /* SearchViewController.swift */ = {isa = PBXFileReference; lastKnownFileType = sourcecode.swift; path = SearchViewController.swift; sourceTree = "<group>"; };
		EBE9D5FE20BB17C10064C1BB /* SearchItemsViewController.swift */ = {isa = PBXFileReference; lastKnownFileType = sourcecode.swift; path = SearchItemsViewController.swift; sourceTree = "<group>"; };
		EBE9D60120BB17EE0064C1BB /* TableViewController.swift */ = {isa = PBXFileReference; lastKnownFileType = sourcecode.swift; path = TableViewController.swift; sourceTree = "<group>"; };
		EBE9D60420BB18880064C1BB /* HookahModel.swift */ = {isa = PBXFileReference; lastKnownFileType = sourcecode.swift; path = HookahModel.swift; sourceTree = "<group>"; };
		EBE9D60620BB1A9B0064C1BB /* ProductModel.swift */ = {isa = PBXFileReference; lastKnownFileType = sourcecode.swift; path = ProductModel.swift; sourceTree = "<group>"; };
		EBE9D60820BB1D530064C1BB /* DataModel.swift */ = {isa = PBXFileReference; lastKnownFileType = sourcecode.swift; path = DataModel.swift; sourceTree = "<group>"; };
		EBE9D60C20BB1E690064C1BB /* SubcategoryModel.swift */ = {isa = PBXFileReference; lastKnownFileType = sourcecode.swift; path = SubcategoryModel.swift; sourceTree = "<group>"; };
		EBE9D60E20BB2A760064C1BB /* DrinkViewController.swift */ = {isa = PBXFileReference; lastKnownFileType = sourcecode.swift; path = DrinkViewController.swift; sourceTree = "<group>"; };
		EBE9D61220BB34A60064C1BB /* CategoryCollectionViewCell.swift */ = {isa = PBXFileReference; lastKnownFileType = sourcecode.swift; path = CategoryCollectionViewCell.swift; sourceTree = "<group>"; };
		EBE9D61420BB35D50064C1BB /* ItemCollectionViewCell.swift */ = {isa = PBXFileReference; lastKnownFileType = sourcecode.swift; path = ItemCollectionViewCell.swift; sourceTree = "<group>"; };
		EBE9D61620BB36410064C1BB /* ItemsViewController.swift */ = {isa = PBXFileReference; lastKnownFileType = sourcecode.swift; path = ItemsViewController.swift; sourceTree = "<group>"; };
		EBE9D61A20BB462D0064C1BB /* SnackViewController.swift */ = {isa = PBXFileReference; lastKnownFileType = sourcecode.swift; path = SnackViewController.swift; sourceTree = "<group>"; };
/* End PBXFileReference section */

/* Begin PBXFrameworksBuildPhase section */
		EB584414206EB907007035E0 /* Frameworks */ = {
			isa = PBXFrameworksBuildPhase;
			buildActionMask = 2147483647;
			files = (
			);
			runOnlyForDeploymentPostprocessing = 0;
		};
/* End PBXFrameworksBuildPhase section */

/* Begin PBXGroup section */
		EB58440E206EB907007035E0 = {
			isa = PBXGroup;
			children = (
				EB584419206EB907007035E0 /* JugOrder */,
				EB584418206EB907007035E0 /* Products */,
			);
			sourceTree = "<group>";
		};
		EB584418206EB907007035E0 /* Products */ = {
			isa = PBXGroup;
			children = (
				EB584417206EB907007035E0 /* JugOrder.app */,
			);
			name = Products;
			sourceTree = "<group>";
		};
		EB584419206EB907007035E0 /* JugOrder */ = {
			isa = PBXGroup;
			children = (
				EBE9D60320BB18030064C1BB /* DataModel */,
				EBE9D60020BB17E20064C1BB /* Tables */,
				EBE9D5F920BB17670064C1BB /* Search */,
				EBE9D5F620BB171F0064C1BB /* Items */,
				EB58441A206EB907007035E0 /* AppDelegate.swift */,
				EB58441C206EB907007035E0 /* ViewController.swift */,
				EB58441E206EB907007035E0 /* Main.storyboard */,
				EB584421206EB907007035E0 /* Assets.xcassets */,
				EB584423206EB907007035E0 /* LaunchScreen.storyboard */,
				EB584426206EB907007035E0 /* Info.plist */,
			);
			path = JugOrder;
			sourceTree = "<group>";
		};
		EBE9D5F620BB171F0064C1BB /* Items */ = {
			isa = PBXGroup;
			children = (
				EBE9D61920BB365A0064C1BB /* Category */,
				EBE9D61820BB364D0064C1BB /* Item */,
				EBE9D60E20BB2A760064C1BB /* DrinkViewController.swift */,
				EBE9D61620BB36410064C1BB /* ItemsViewController.swift */,
				EBE9D61A20BB462D0064C1BB /* SnackViewController.swift */,
			);
			path = Items;
			sourceTree = "<group>";
		};
		EBE9D5F920BB17670064C1BB /* Search */ = {
			isa = PBXGroup;
			children = (
				EBE9D5FC20BB17B60064C1BB /* SearchViewController.swift */,
				EBE9D5FE20BB17C10064C1BB /* SearchItemsViewController.swift */,
			);
			path = Search;
			sourceTree = "<group>";
		};
		EBE9D60020BB17E20064C1BB /* Tables */ = {
			isa = PBXGroup;
			children = (
				EBE9D60120BB17EE0064C1BB /* TableViewController.swift */,
			);
			path = Tables;
			sourceTree = "<group>";
		};
		EBE9D60320BB18030064C1BB /* DataModel */ = {
			isa = PBXGroup;
			children = (
				EBE9D60420BB18880064C1BB /* HookahModel.swift */,
				EBE9D60620BB1A9B0064C1BB /* ProductModel.swift */,
				EBE9D60820BB1D530064C1BB /* DataModel.swift */,
				EBE9D60C20BB1E690064C1BB /* SubcategoryModel.swift */,
			);
			path = DataModel;
			sourceTree = "<group>";
		};
		EBE9D61820BB364D0064C1BB /* Item */ = {
			isa = PBXGroup;
			children = (
				EBE9D5F720BB174E0064C1BB /* ItemViewController.swift */,
				EBE9D61420BB35D50064C1BB /* ItemCollectionViewCell.swift */,
			);
			path = Item;
			sourceTree = "<group>";
		};
		EBE9D61920BB365A0064C1BB /* Category */ = {
			isa = PBXGroup;
			children = (
				EBE9D5FA20BB17790064C1BB /* CategoryViewController.swift */,
				EBE9D61220BB34A60064C1BB /* CategoryCollectionViewCell.swift */,
			);
			path = Category;
			sourceTree = "<group>";
		};
/* End PBXGroup section */

/* Begin PBXNativeTarget section */
		EB584416206EB907007035E0 /* JugOrder */ = {
			isa = PBXNativeTarget;
			buildConfigurationList = EB584429206EB907007035E0 /* Build configuration list for PBXNativeTarget "JugOrder" */;
			buildPhases = (
				EB584413206EB907007035E0 /* Sources */,
				EB584414206EB907007035E0 /* Frameworks */,
				EB584415206EB907007035E0 /* Resources */,
			);
			buildRules = (
			);
			dependencies = (
			);
			name = JugOrder;
			productName = JugOrder;
			productReference = EB584417206EB907007035E0 /* JugOrder.app */;
			productType = "com.apple.product-type.application";
		};
/* End PBXNativeTarget section */

/* Begin PBXProject section */
		EB58440F206EB907007035E0 /* Project object */ = {
			isa = PBXProject;
			attributes = {
				LastSwiftUpdateCheck = 0920;
				LastUpgradeCheck = 0920;
				ORGANIZATIONNAME = "Ferhat Telci";
				TargetAttributes = {
					EB584416206EB907007035E0 = {
						CreatedOnToolsVersion = 9.2;
						ProvisioningStyle = Automatic;
					};
				};
			};
			buildConfigurationList = EB584412206EB907007035E0 /* Build configuration list for PBXProject "JugOrder" */;
			compatibilityVersion = "Xcode 8.0";
			developmentRegion = en;
			hasScannedForEncodings = 0;
			knownRegions = (
				en,
				Base,
			);
			mainGroup = EB58440E206EB907007035E0;
			productRefGroup = EB584418206EB907007035E0 /* Products */;
			projectDirPath = "";
			projectRoot = "";
			targets = (
				EB584416206EB907007035E0 /* JugOrder */,
			);
		};
/* End PBXProject section */

/* Begin PBXResourcesBuildPhase section */
		EB584415206EB907007035E0 /* Resources */ = {
			isa = PBXResourcesBuildPhase;
			buildActionMask = 2147483647;
			files = (
				EB584425206EB907007035E0 /* LaunchScreen.storyboard in Resources */,
				EB584422206EB907007035E0 /* Assets.xcassets in Resources */,
				EB584420206EB907007035E0 /* Main.storyboard in Resources */,
			);
			runOnlyForDeploymentPostprocessing = 0;
		};
/* End PBXResourcesBuildPhase section */

/* Begin PBXSourcesBuildPhase section */
		EB584413206EB907007035E0 /* Sources */ = {
			isa = PBXSourcesBuildPhase;
			buildActionMask = 2147483647;
			files = (
				EBE9D5FD20BB17B60064C1BB /* SearchViewController.swift in Sources */,
				EBE9D60220BB17EE0064C1BB /* TableViewController.swift in Sources */,
				EBE9D60D20BB1E690064C1BB /* SubcategoryModel.swift in Sources */,
				EBE9D61B20BB462D0064C1BB /* SnackViewController.swift in Sources */,
				EBE9D60F20BB2A760064C1BB /* DrinkViewController.swift in Sources */,
				EBE9D5FB20BB17790064C1BB /* CategoryViewController.swift in Sources */,
				EB58441D206EB907007035E0 /* ViewController.swift in Sources */,
				EBE9D61320BB34A60064C1BB /* CategoryCollectionViewCell.swift in Sources */,
				EBE9D60720BB1A9B0064C1BB /* ProductModel.swift in Sources */,
				EBE9D60920BB1D530064C1BB /* DataModel.swift in Sources */,
				EBE9D5FF20BB17C10064C1BB /* SearchItemsViewController.swift in Sources */,
				EBE9D61720BB36410064C1BB /* ItemsViewController.swift in Sources */,
				EB58441B206EB907007035E0 /* AppDelegate.swift in Sources */,
				EBE9D5F820BB174E0064C1BB /* ItemViewController.swift in Sources */,
				EBE9D60520BB18880064C1BB /* HookahModel.swift in Sources */,
				EBE9D61520BB35D50064C1BB /* ItemCollectionViewCell.swift in Sources */,
			);
			runOnlyForDeploymentPostprocessing = 0;
		};
/* End PBXSourcesBuildPhase section */

/* Begin PBXVariantGroup section */
		EB58441E206EB907007035E0 /* Main.storyboard */ = {
			isa = PBXVariantGroup;
			children = (
				EB58441F206EB907007035E0 /* Base */,
			);
			name = Main.storyboard;
			sourceTree = "<group>";
		};
		EB584423206EB907007035E0 /* LaunchScreen.storyboard */ = {
			isa = PBXVariantGroup;
			children = (
				EB584424206EB907007035E0 /* Base */,
			);
			name = LaunchScreen.storyboard;
			sourceTree = "<group>";
		};
/* End PBXVariantGroup section */

/* Begin XCBuildConfiguration section */
		EB584427206EB907007035E0 /* Debug */ = {
			isa = XCBuildConfiguration;
			buildSettings = {
				ALWAYS_SEARCH_USER_PATHS = NO;
				CLANG_ANALYZER_NONNULL = YES;
				CLANG_ANALYZER_NUMBER_OBJECT_CONVERSION = YES_AGGRESSIVE;
				CLANG_CXX_LANGUAGE_STANDARD = "gnu++14";
				CLANG_CXX_LIBRARY = "libc++";
				CLANG_ENABLE_MODULES = YES;
				CLANG_ENABLE_OBJC_ARC = YES;
				CLANG_WARN_BLOCK_CAPTURE_AUTORELEASING = YES;
				CLANG_WARN_BOOL_CONVERSION = YES;
				CLANG_WARN_COMMA = YES;
				CLANG_WARN_CONSTANT_CONVERSION = YES;
				CLANG_WARN_DIRECT_OBJC_ISA_USAGE = YES_ERROR;
				CLANG_WARN_DOCUMENTATION_COMMENTS = YES;
				CLANG_WARN_EMPTY_BODY = YES;
				CLANG_WARN_ENUM_CONVERSION = YES;
				CLANG_WARN_INFINITE_RECURSION = YES;
				CLANG_WARN_INT_CONVERSION = YES;
				CLANG_WARN_NON_LITERAL_NULL_CONVERSION = YES;
				CLANG_WARN_OBJC_LITERAL_CONVERSION = YES;
				CLANG_WARN_OBJC_ROOT_CLASS = YES_ERROR;
				CLANG_WARN_RANGE_LOOP_ANALYSIS = YES;
				CLANG_WARN_STRICT_PROTOTYPES = YES;
				CLANG_WARN_SUSPICIOUS_MOVE = YES;
				CLANG_WARN_UNGUARDED_AVAILABILITY = YES_AGGRESSIVE;
				CLANG_WARN_UNREACHABLE_CODE = YES;
				CLANG_WARN__DUPLICATE_METHOD_MATCH = YES;
				CODE_SIGN_IDENTITY = "iPhone Developer";
				COPY_PHASE_STRIP = NO;
				DEBUG_INFORMATION_FORMAT = dwarf;
				ENABLE_STRICT_OBJC_MSGSEND = YES;
				ENABLE_TESTABILITY = YES;
				GCC_C_LANGUAGE_STANDARD = gnu11;
				GCC_DYNAMIC_NO_PIC = NO;
				GCC_NO_COMMON_BLOCKS = YES;
				GCC_OPTIMIZATION_LEVEL = 0;
				GCC_PREPROCESSOR_DEFINITIONS = (
					"DEBUG=1",
					"$(inherited)",
				);
				GCC_WARN_64_TO_32_BIT_CONVERSION = YES;
				GCC_WARN_ABOUT_RETURN_TYPE = YES_ERROR;
				GCC_WARN_UNDECLARED_SELECTOR = YES;
				GCC_WARN_UNINITIALIZED_AUTOS = YES_AGGRESSIVE;
				GCC_WARN_UNUSED_FUNCTION = YES;
				GCC_WARN_UNUSED_VARIABLE = YES;
				IPHONEOS_DEPLOYMENT_TARGET = 11.2;
				MTL_ENABLE_DEBUG_INFO = YES;
				ONLY_ACTIVE_ARCH = YES;
				SDKROOT = iphoneos;
				SWIFT_ACTIVE_COMPILATION_CONDITIONS = DEBUG;
				SWIFT_OPTIMIZATION_LEVEL = "-Onone";
			};
			name = Debug;
		};
		EB584428206EB907007035E0 /* Release */ = {
			isa = XCBuildConfiguration;
			buildSettings = {
				ALWAYS_SEARCH_USER_PATHS = NO;
				CLANG_ANALYZER_NONNULL = YES;
				CLANG_ANALYZER_NUMBER_OBJECT_CONVERSION = YES_AGGRESSIVE;
				CLANG_CXX_LANGUAGE_STANDARD = "gnu++14";
				CLANG_CXX_LIBRARY = "libc++";
				CLANG_ENABLE_MODULES = YES;
				CLANG_ENABLE_OBJC_ARC = YES;
				CLANG_WARN_BLOCK_CAPTURE_AUTORELEASING = YES;
				CLANG_WARN_BOOL_CONVERSION = YES;
				CLANG_WARN_COMMA = YES;
				CLANG_WARN_CONSTANT_CONVERSION = YES;
				CLANG_WARN_DIRECT_OBJC_ISA_USAGE = YES_ERROR;
				CLANG_WARN_DOCUMENTATION_COMMENTS = YES;
				CLANG_WARN_EMPTY_BODY = YES;
				CLANG_WARN_ENUM_CONVERSION = YES;
				CLANG_WARN_INFINITE_RECURSION = YES;
				CLANG_WARN_INT_CONVERSION = YES;
				CLANG_WARN_NON_LITERAL_NULL_CONVERSION = YES;
				CLANG_WARN_OBJC_LITERAL_CONVERSION = YES;
				CLANG_WARN_OBJC_ROOT_CLASS = YES_ERROR;
				CLANG_WARN_RANGE_LOOP_ANALYSIS = YES;
				CLANG_WARN_STRICT_PROTOTYPES = YES;
				CLANG_WARN_SUSPICIOUS_MOVE = YES;
				CLANG_WARN_UNGUARDED_AVAILABILITY = YES_AGGRESSIVE;
				CLANG_WARN_UNREACHABLE_CODE = YES;
				CLANG_WARN__DUPLICATE_METHOD_MATCH = YES;
				CODE_SIGN_IDENTITY = "iPhone Developer";
				COPY_PHASE_STRIP = NO;
				DEBUG_INFORMATION_FORMAT = "dwarf-with-dsym";
				ENABLE_NS_ASSERTIONS = NO;
				ENABLE_STRICT_OBJC_MSGSEND = YES;
				GCC_C_LANGUAGE_STANDARD = gnu11;
				GCC_NO_COMMON_BLOCKS = YES;
				GCC_WARN_64_TO_32_BIT_CONVERSION = YES;
				GCC_WARN_ABOUT_RETURN_TYPE = YES_ERROR;
				GCC_WARN_UNDECLARED_SELECTOR = YES;
				GCC_WARN_UNINITIALIZED_AUTOS = YES_AGGRESSIVE;
				GCC_WARN_UNUSED_FUNCTION = YES;
				GCC_WARN_UNUSED_VARIABLE = YES;
				IPHONEOS_DEPLOYMENT_TARGET = 11.2;
				MTL_ENABLE_DEBUG_INFO = NO;
				SDKROOT = iphoneos;
				SWIFT_OPTIMIZATION_LEVEL = "-Owholemodule";
				VALIDATE_PRODUCT = YES;
			};
			name = Release;
		};
		EB58442A206EB907007035E0 /* Debug */ = {
			isa = XCBuildConfiguration;
			buildSettings = {
				ASSETCATALOG_COMPILER_APPICON_NAME = AppIcon;
				CODE_SIGN_STYLE = Automatic;
				DEVELOPMENT_TEAM = ZJE8ABHQA3;
				INFOPLIST_FILE = JugOrder/Info.plist;
				LD_RUNPATH_SEARCH_PATHS = "$(inherited) @executable_path/Frameworks";
				PRODUCT_BUNDLE_IDENTIFIER = com.ferhattelci.JugOrder;
				PRODUCT_NAME = "$(TARGET_NAME)";
				SWIFT_VERSION = 4.0;
				TARGETED_DEVICE_FAMILY = "1,2";
			};
			name = Debug;
		};
		EB58442B206EB907007035E0 /* Release */ = {
			isa = XCBuildConfiguration;
			buildSettings = {
				ASSETCATALOG_COMPILER_APPICON_NAME = AppIcon;
				CODE_SIGN_STYLE = Automatic;
				DEVELOPMENT_TEAM = ZJE8ABHQA3;
				INFOPLIST_FILE = JugOrder/Info.plist;
				LD_RUNPATH_SEARCH_PATHS = "$(inherited) @executable_path/Frameworks";
				PRODUCT_BUNDLE_IDENTIFIER = com.ferhattelci.JugOrder;
				PRODUCT_NAME = "$(TARGET_NAME)";
				SWIFT_VERSION = 4.0;
				TARGETED_DEVICE_FAMILY = "1,2";
			};
			name = Release;
		};
/* End XCBuildConfiguration section */

/* Begin XCConfigurationList section */
		EB584412206EB907007035E0 /* Build configuration list for PBXProject "JugOrder" */ = {
			isa = XCConfigurationList;
			buildConfigurations = (
				EB584427206EB907007035E0 /* Debug */,
				EB584428206EB907007035E0 /* Release */,
			);
			defaultConfigurationIsVisible = 0;
			defaultConfigurationName = Release;
		};
		EB584429206EB907007035E0 /* Build configuration list for PBXNativeTarget "JugOrder" */ = {
			isa = XCConfigurationList;
			buildConfigurations = (
				EB58442A206EB907007035E0 /* Debug */,
				EB58442B206EB907007035E0 /* Release */,
			);
			defaultConfigurationIsVisible = 0;
			defaultConfigurationName = Release;
		};
/* End XCConfigurationList section */
	};
	rootObject = EB58440F206EB907007035E0 /* Project object */;
}
